// !$*UTF8*$!
{
	archiveVersion = 1;
	classes = {
	};
	objectVersion = 56;
	objects = {

/* Begin PBXBuildFile section */
		E02F9D242C58D8C100FC256A /* AppDelegate.swift in Sources */ = {isa = PBXBuildFile; fileRef = E02F9D232C58D8C100FC256A /* AppDelegate.swift */; };
		E02F9D262C58D8C100FC256A /* SceneDelegate.swift in Sources */ = {isa = PBXBuildFile; fileRef = E02F9D252C58D8C100FC256A /* SceneDelegate.swift */; };
		E02F9D282C58D8C100FC256A /* BasicViewController.swift in Sources */ = {isa = PBXBuildFile; fileRef = E02F9D272C58D8C100FC256A /* BasicViewController.swift */; };
		E02F9D2D2C58D8C200FC256A /* Assets.xcassets in Resources */ = {isa = PBXBuildFile; fileRef = E02F9D2C2C58D8C200FC256A /* Assets.xcassets */; };
		E02F9D302C58D8C200FC256A /* Base in Resources */ = {isa = PBXBuildFile; fileRef = E02F9D2F2C58D8C200FC256A /* Base */; };
		E02F9D392C58D94200FC256A /* SnapKit in Frameworks */ = {isa = PBXBuildFile; productRef = E02F9D382C58D94200FC256A /* SnapKit */; };
		E02F9D3C2C58D95000FC256A /* RxCocoa in Frameworks */ = {isa = PBXBuildFile; productRef = E02F9D3B2C58D95000FC256A /* RxCocoa */; };
		E02F9D3E2C58D95000FC256A /* RxSwift in Frameworks */ = {isa = PBXBuildFile; productRef = E02F9D3D2C58D95000FC256A /* RxSwift */; };
		E02F9D402C58D99500FC256A /* BaseViewController.swift in Sources */ = {isa = PBXBuildFile; fileRef = E02F9D3F2C58D99500FC256A /* BaseViewController.swift */; };
		E02F9D422C58DD0300FC256A /* PickerViewController.swift in Sources */ = {isa = PBXBuildFile; fileRef = E02F9D412C58DD0300FC256A /* PickerViewController.swift */; };
		E02F9D442C58E16F00FC256A /* .gitignore in Resources */ = {isa = PBXBuildFile; fileRef = E02F9D432C58E16F00FC256A /* .gitignore */; };
		E02F9D4A2C58E1A300FC256A /* TableViewController.swift in Sources */ = {isa = PBXBuildFile; fileRef = E02F9D492C58E1A300FC256A /* TableViewController.swift */; };
		E02F9D4C2C59354700FC256A /* SwitchViewController.swift in Sources */ = {isa = PBXBuildFile; fileRef = E02F9D4B2C59354700FC256A /* SwitchViewController.swift */; };
		E02F9D4E2C59368C00FC256A /* TextFieldViewController.swift in Sources */ = {isa = PBXBuildFile; fileRef = E02F9D4D2C59368C00FC256A /* TextFieldViewController.swift */; };
/* End PBXBuildFile section */

/* Begin PBXFileReference section */
		E02F9D202C58D8C100FC256A /* PracticeRxSwift.app */ = {isa = PBXFileReference; explicitFileType = wrapper.application; includeInIndex = 0; path = PracticeRxSwift.app; sourceTree = BUILT_PRODUCTS_DIR; };
		E02F9D232C58D8C100FC256A /* AppDelegate.swift */ = {isa = PBXFileReference; lastKnownFileType = sourcecode.swift; path = AppDelegate.swift; sourceTree = "<group>"; };
		E02F9D252C58D8C100FC256A /* SceneDelegate.swift */ = {isa = PBXFileReference; lastKnownFileType = sourcecode.swift; path = SceneDelegate.swift; sourceTree = "<group>"; };
		E02F9D272C58D8C100FC256A /* BasicViewController.swift */ = {isa = PBXFileReference; lastKnownFileType = sourcecode.swift; path = BasicViewController.swift; sourceTree = "<group>"; };
		E02F9D2C2C58D8C200FC256A /* Assets.xcassets */ = {isa = PBXFileReference; lastKnownFileType = folder.assetcatalog; path = Assets.xcassets; sourceTree = "<group>"; };
		E02F9D2F2C58D8C200FC256A /* Base */ = {isa = PBXFileReference; lastKnownFileType = file.storyboard; name = Base; path = Base.lproj/LaunchScreen.storyboard; sourceTree = "<group>"; };
		E02F9D312C58D8C200FC256A /* Info.plist */ = {isa = PBXFileReference; lastKnownFileType = text.plist.xml; path = Info.plist; sourceTree = "<group>"; };
		E02F9D3F2C58D99500FC256A /* BaseViewController.swift */ = {isa = PBXFileReference; lastKnownFileType = sourcecode.swift; path = BaseViewController.swift; sourceTree = "<group>"; };
		E02F9D412C58DD0300FC256A /* PickerViewController.swift */ = {isa = PBXFileReference; lastKnownFileType = sourcecode.swift; path = PickerViewController.swift; sourceTree = "<group>"; };
		E02F9D432C58E16F00FC256A /* .gitignore */ = {isa = PBXFileReference; lastKnownFileType = text; path = .gitignore; sourceTree = "<group>"; };
		E02F9D492C58E1A300FC256A /* TableViewController.swift */ = {isa = PBXFileReference; lastKnownFileType = sourcecode.swift; path = TableViewController.swift; sourceTree = "<group>"; };
		E02F9D4B2C59354700FC256A /* SwitchViewController.swift */ = {isa = PBXFileReference; lastKnownFileType = sourcecode.swift; path = SwitchViewController.swift; sourceTree = "<group>"; };
		E02F9D4D2C59368C00FC256A /* TextFieldViewController.swift */ = {isa = PBXFileReference; lastKnownFileType = sourcecode.swift; path = TextFieldViewController.swift; sourceTree = "<group>"; };
/* End PBXFileReference section */

/* Begin PBXFrameworksBuildPhase section */
		E02F9D1D2C58D8C100FC256A /* Frameworks */ = {
			isa = PBXFrameworksBuildPhase;
			buildActionMask = 2147483647;
			files = (
				E02F9D3E2C58D95000FC256A /* RxSwift in Frameworks */,
				E02F9D3C2C58D95000FC256A /* RxCocoa in Frameworks */,
				E02F9D392C58D94200FC256A /* SnapKit in Frameworks */,
			);
			runOnlyForDeploymentPostprocessing = 0;
		};
/* End PBXFrameworksBuildPhase section */

/* Begin PBXGroup section */
		E02F9D172C58D8C100FC256A = {
			isa = PBXGroup;
			children = (
				E02F9D432C58E16F00FC256A /* .gitignore */,
				E02F9D222C58D8C100FC256A /* PracticeRxSwift */,
				E02F9D212C58D8C100FC256A /* Products */,
			);
			sourceTree = "<group>";
		};
		E02F9D212C58D8C100FC256A /* Products */ = {
			isa = PBXGroup;
			children = (
				E02F9D202C58D8C100FC256A /* PracticeRxSwift.app */,
			);
			name = Products;
			sourceTree = "<group>";
		};
		E02F9D222C58D8C100FC256A /* PracticeRxSwift */ = {
			isa = PBXGroup;
			children = (
				E02F9D3F2C58D99500FC256A /* BaseViewController.swift */,
				E02F9D532C5A04CF00FC256A /* 0730 */,
				E02F9D542C5A04DE00FC256A /* 0731 */,
				E02F9D232C58D8C100FC256A /* AppDelegate.swift */,
				E02F9D252C58D8C100FC256A /* SceneDelegate.swift */,
				E02F9D2C2C58D8C200FC256A /* Assets.xcassets */,
				E02F9D2E2C58D8C200FC256A /* LaunchScreen.storyboard */,
				E02F9D312C58D8C200FC256A /* Info.plist */,
			);
			path = PracticeRxSwift;
			sourceTree = "<group>";
		};
		E02F9D532C5A04CF00FC256A /* 0730 */ = {
			isa = PBXGroup;
			children = (
				E02F9D4D2C59368C00FC256A /* TextFieldViewController.swift */,
				E02F9D4B2C59354700FC256A /* SwitchViewController.swift */,
				E02F9D272C58D8C100FC256A /* BasicViewController.swift */,
				E02F9D412C58DD0300FC256A /* PickerViewController.swift */,
				E02F9D492C58E1A300FC256A /* TableViewController.swift */,
			);
			path = 0730;
			sourceTree = "<group>";
		};
		E02F9D542C5A04DE00FC256A /* 0731 */ = {
			isa = PBXGroup;
			children = (
			);
			path = 0731;
			sourceTree = "<group>";
		};
/* End PBXGroup section */

/* Begin PBXNativeTarget section */
		E02F9D1F2C58D8C100FC256A /* PracticeRxSwift */ = {
			isa = PBXNativeTarget;
			buildConfigurationList = E02F9D342C58D8C200FC256A /* Build configuration list for PBXNativeTarget "PracticeRxSwift" */;
			buildPhases = (
				E02F9D1C2C58D8C100FC256A /* Sources */,
				E02F9D1D2C58D8C100FC256A /* Frameworks */,
				E02F9D1E2C58D8C100FC256A /* Resources */,
			);
			buildRules = (
			);
			dependencies = (
			);
			name = PracticeRxSwift;
			packageProductDependencies = (
				E02F9D382C58D94200FC256A /* SnapKit */,
				E02F9D3B2C58D95000FC256A /* RxCocoa */,
				E02F9D3D2C58D95000FC256A /* RxSwift */,
			);
			productName = PracticeRxSwift;
			productReference = E02F9D202C58D8C100FC256A /* PracticeRxSwift.app */;
			productType = "com.apple.product-type.application";
		};
/* End PBXNativeTarget section */

/* Begin PBXProject section */
		E02F9D182C58D8C100FC256A /* Project object */ = {
			isa = PBXProject;
			attributes = {
				BuildIndependentTargetsInParallel = 1;
				LastSwiftUpdateCheck = 1530;
				LastUpgradeCheck = 1530;
				TargetAttributes = {
					E02F9D1F2C58D8C100FC256A = {
						CreatedOnToolsVersion = 15.3;
					};
				};
			};
			buildConfigurationList = E02F9D1B2C58D8C100FC256A /* Build configuration list for PBXProject "PracticeRxSwift" */;
			compatibilityVersion = "Xcode 14.0";
			developmentRegion = en;
			hasScannedForEncodings = 0;
			knownRegions = (
				en,
				Base,
			);
			mainGroup = E02F9D172C58D8C100FC256A;
			packageReferences = (
				E02F9D372C58D94200FC256A /* XCRemoteSwiftPackageReference "SnapKit" */,
				E02F9D3A2C58D95000FC256A /* XCRemoteSwiftPackageReference "RxSwift" */,
			);
			productRefGroup = E02F9D212C58D8C100FC256A /* Products */;
			projectDirPath = "";
			projectRoot = "";
			targets = (
				E02F9D1F2C58D8C100FC256A /* PracticeRxSwift */,
			);
		};
/* End PBXProject section */

/* Begin PBXResourcesBuildPhase section */
		E02F9D1E2C58D8C100FC256A /* Resources */ = {
			isa = PBXResourcesBuildPhase;
			buildActionMask = 2147483647;
			files = (
				E02F9D2D2C58D8C200FC256A /* Assets.xcassets in Resources */,
				E02F9D442C58E16F00FC256A /* .gitignore in Resources */,
				E02F9D302C58D8C200FC256A /* Base in Resources */,
			);
			runOnlyForDeploymentPostprocessing = 0;
		};
/* End PBXResourcesBuildPhase section */

/* Begin PBXSourcesBuildPhase section */
		E02F9D1C2C58D8C100FC256A /* Sources */ = {
			isa = PBXSourcesBuildPhase;
			buildActionMask = 2147483647;
			files = (
				E02F9D4E2C59368C00FC256A /* TextFieldViewController.swift in Sources */,
				E02F9D422C58DD0300FC256A /* PickerViewController.swift in Sources */,
				E02F9D4A2C58E1A300FC256A /* TableViewController.swift in Sources */,
				E02F9D282C58D8C100FC256A /* BasicViewController.swift in Sources */,
				E02F9D402C58D99500FC256A /* BaseViewController.swift in Sources */,
				E02F9D242C58D8C100FC256A /* AppDelegate.swift in Sources */,
				E02F9D262C58D8C100FC256A /* SceneDelegate.swift in Sources */,
				E02F9D4C2C59354700FC256A /* SwitchViewController.swift in Sources */,
			);
			runOnlyForDeploymentPostprocessing = 0;
		};
/* End PBXSourcesBuildPhase section */

/* Begin PBXVariantGroup section */
		E02F9D2E2C58D8C200FC256A /* LaunchScreen.storyboard */ = {
			isa = PBXVariantGroup;
			children = (
				E02F9D2F2C58D8C200FC256A /* Base */,
			);
			name = LaunchScreen.storyboard;
			sourceTree = "<group>";
		};
/* End PBXVariantGroup section */

/* Begin XCBuildConfiguration section */
		E02F9D322C58D8C200FC256A /* Debug */ = {
			isa = XCBuildConfiguration;
			buildSettings = {
				ALWAYS_SEARCH_USER_PATHS = NO;
				ASSETCATALOG_COMPILER_GENERATE_SWIFT_ASSET_SYMBOL_EXTENSIONS = YES;
				CLANG_ANALYZER_NONNULL = YES;
				CLANG_ANALYZER_NUMBER_OBJECT_CONVERSION = YES_AGGRESSIVE;
				CLANG_CXX_LANGUAGE_STANDARD = "gnu++20";
				CLANG_ENABLE_MODULES = YES;
				CLANG_ENABLE_OBJC_ARC = YES;
				CLANG_ENABLE_OBJC_WEAK = YES;
				CLANG_WARN_BLOCK_CAPTURE_AUTORELEASING = YES;
				CLANG_WARN_BOOL_CONVERSION = YES;
				CLANG_WARN_COMMA = YES;
				CLANG_WARN_CONSTANT_CONVERSION = YES;
				CLANG_WARN_DEPRECATED_OBJC_IMPLEMENTATIONS = YES;
				CLANG_WARN_DIRECT_OBJC_ISA_USAGE = YES_ERROR;
				CLANG_WARN_DOCUMENTATION_COMMENTS = YES;
				CLANG_WARN_EMPTY_BODY = YES;
				CLANG_WARN_ENUM_CONVERSION = YES;
				CLANG_WARN_INFINITE_RECURSION = YES;
				CLANG_WARN_INT_CONVERSION = YES;
				CLANG_WARN_NON_LITERAL_NULL_CONVERSION = YES;
				CLANG_WARN_OBJC_IMPLICIT_RETAIN_SELF = YES;
				CLANG_WARN_OBJC_LITERAL_CONVERSION = YES;
				CLANG_WARN_OBJC_ROOT_CLASS = YES_ERROR;
				CLANG_WARN_QUOTED_INCLUDE_IN_FRAMEWORK_HEADER = YES;
				CLANG_WARN_RANGE_LOOP_ANALYSIS = YES;
				CLANG_WARN_STRICT_PROTOTYPES = YES;
				CLANG_WARN_SUSPICIOUS_MOVE = YES;
				CLANG_WARN_UNGUARDED_AVAILABILITY = YES_AGGRESSIVE;
				CLANG_WARN_UNREACHABLE_CODE = YES;
				CLANG_WARN__DUPLICATE_METHOD_MATCH = YES;
				COPY_PHASE_STRIP = NO;
				DEBUG_INFORMATION_FORMAT = dwarf;
				ENABLE_STRICT_OBJC_MSGSEND = YES;
				ENABLE_TESTABILITY = YES;
				ENABLE_USER_SCRIPT_SANDBOXING = YES;
				GCC_C_LANGUAGE_STANDARD = gnu17;
				GCC_DYNAMIC_NO_PIC = NO;
				GCC_NO_COMMON_BLOCKS = YES;
				GCC_OPTIMIZATION_LEVEL = 0;
				GCC_PREPROCESSOR_DEFINITIONS = (
					"DEBUG=1",
					"$(inherited)",
				);
				GCC_WARN_64_TO_32_BIT_CONVERSION = YES;
				GCC_WARN_ABOUT_RETURN_TYPE = YES_ERROR;
				GCC_WARN_UNDECLARED_SELECTOR = YES;
				GCC_WARN_UNINITIALIZED_AUTOS = YES_AGGRESSIVE;
				GCC_WARN_UNUSED_FUNCTION = YES;
				GCC_WARN_UNUSED_VARIABLE = YES;
				IPHONEOS_DEPLOYMENT_TARGET = 17.4;
				LOCALIZATION_PREFERS_STRING_CATALOGS = YES;
				MTL_ENABLE_DEBUG_INFO = INCLUDE_SOURCE;
				MTL_FAST_MATH = YES;
				ONLY_ACTIVE_ARCH = YES;
				SDKROOT = iphoneos;
				SWIFT_ACTIVE_COMPILATION_CONDITIONS = "DEBUG $(inherited)";
				SWIFT_OPTIMIZATION_LEVEL = "-Onone";
			};
			name = Debug;
		};
		E02F9D332C58D8C200FC256A /* Release */ = {
			isa = XCBuildConfiguration;
			buildSettings = {
				ALWAYS_SEARCH_USER_PATHS = NO;
				ASSETCATALOG_COMPILER_GENERATE_SWIFT_ASSET_SYMBOL_EXTENSIONS = YES;
				CLANG_ANALYZER_NONNULL = YES;
				CLANG_ANALYZER_NUMBER_OBJECT_CONVERSION = YES_AGGRESSIVE;
				CLANG_CXX_LANGUAGE_STANDARD = "gnu++20";
				CLANG_ENABLE_MODULES = YES;
				CLANG_ENABLE_OBJC_ARC = YES;
				CLANG_ENABLE_OBJC_WEAK = YES;
				CLANG_WARN_BLOCK_CAPTURE_AUTORELEASING = YES;
				CLANG_WARN_BOOL_CONVERSION = YES;
				CLANG_WARN_COMMA = YES;
				CLANG_WARN_CONSTANT_CONVERSION = YES;
				CLANG_WARN_DEPRECATED_OBJC_IMPLEMENTATIONS = YES;
				CLANG_WARN_DIRECT_OBJC_ISA_USAGE = YES_ERROR;
				CLANG_WARN_DOCUMENTATION_COMMENTS = YES;
				CLANG_WARN_EMPTY_BODY = YES;
				CLANG_WARN_ENUM_CONVERSION = YES;
				CLANG_WARN_INFINITE_RECURSION = YES;
				CLANG_WARN_INT_CONVERSION = YES;
				CLANG_WARN_NON_LITERAL_NULL_CONVERSION = YES;
				CLANG_WARN_OBJC_IMPLICIT_RETAIN_SELF = YES;
				CLANG_WARN_OBJC_LITERAL_CONVERSION = YES;
				CLANG_WARN_OBJC_ROOT_CLASS = YES_ERROR;
				CLANG_WARN_QUOTED_INCLUDE_IN_FRAMEWORK_HEADER = YES;
				CLANG_WARN_RANGE_LOOP_ANALYSIS = YES;
				CLANG_WARN_STRICT_PROTOTYPES = YES;
				CLANG_WARN_SUSPICIOUS_MOVE = YES;
				CLANG_WARN_UNGUARDED_AVAILABILITY = YES_AGGRESSIVE;
				CLANG_WARN_UNREACHABLE_CODE = YES;
				CLANG_WARN__DUPLICATE_METHOD_MATCH = YES;
				COPY_PHASE_STRIP = NO;
				DEBUG_INFORMATION_FORMAT = "dwarf-with-dsym";
				ENABLE_NS_ASSERTIONS = NO;
				ENABLE_STRICT_OBJC_MSGSEND = YES;
				ENABLE_USER_SCRIPT_SANDBOXING = YES;
				GCC_C_LANGUAGE_STANDARD = gnu17;
				GCC_NO_COMMON_BLOCKS = YES;
				GCC_WARN_64_TO_32_BIT_CONVERSION = YES;
				GCC_WARN_ABOUT_RETURN_TYPE = YES_ERROR;
				GCC_WARN_UNDECLARED_SELECTOR = YES;
				GCC_WARN_UNINITIALIZED_AUTOS = YES_AGGRESSIVE;
				GCC_WARN_UNUSED_FUNCTION = YES;
				GCC_WARN_UNUSED_VARIABLE = YES;
				IPHONEOS_DEPLOYMENT_TARGET = 17.4;
				LOCALIZATION_PREFERS_STRING_CATALOGS = YES;
				MTL_ENABLE_DEBUG_INFO = NO;
				MTL_FAST_MATH = YES;
				SDKROOT = iphoneos;
				SWIFT_COMPILATION_MODE = wholemodule;
				VALIDATE_PRODUCT = YES;
			};
			name = Release;
		};
		E02F9D352C58D8C200FC256A /* Debug */ = {
			isa = XCBuildConfiguration;
			buildSettings = {
				ASSETCATALOG_COMPILER_APPICON_NAME = AppIcon;
				ASSETCATALOG_COMPILER_GLOBAL_ACCENT_COLOR_NAME = AccentColor;
				CODE_SIGN_STYLE = Automatic;
				CURRENT_PROJECT_VERSION = 1;
				GENERATE_INFOPLIST_FILE = YES;
				INFOPLIST_FILE = PracticeRxSwift/Info.plist;
				INFOPLIST_KEY_UIApplicationSupportsIndirectInputEvents = YES;
				INFOPLIST_KEY_UILaunchStoryboardName = LaunchScreen;
				INFOPLIST_KEY_UISupportedInterfaceOrientations_iPad = "UIInterfaceOrientationPortrait UIInterfaceOrientationPortraitUpsideDown UIInterfaceOrientationLandscapeLeft UIInterfaceOrientationLandscapeRight";
				INFOPLIST_KEY_UISupportedInterfaceOrientations_iPhone = "UIInterfaceOrientationPortrait UIInterfaceOrientationLandscapeLeft UIInterfaceOrientationLandscapeRight";
				IPHONEOS_DEPLOYMENT_TARGET = 16.0;
				LD_RUNPATH_SEARCH_PATHS = (
					"$(inherited)",
					"@executable_path/Frameworks",
				);
				MARKETING_VERSION = 1.0;
				PRODUCT_BUNDLE_IDENTIFIER = jeongyun.PracticeRxSwift;
				PRODUCT_NAME = "$(TARGET_NAME)";
				SUPPORTED_PLATFORMS = "iphoneos iphonesimulator";
				SUPPORTS_MACCATALYST = NO;
				SUPPORTS_MAC_DESIGNED_FOR_IPHONE_IPAD = NO;
				SUPPORTS_XR_DESIGNED_FOR_IPHONE_IPAD = NO;
				SWIFT_EMIT_LOC_STRINGS = YES;
				SWIFT_VERSION = 5.0;
				TARGETED_DEVICE_FAMILY = 1;
			};
			name = Debug;
		};
		E02F9D362C58D8C200FC256A /* Release */ = {
			isa = XCBuildConfiguration;
			buildSettings = {
				ASSETCATALOG_COMPILER_APPICON_NAME = AppIcon;
				ASSETCATALOG_COMPILER_GLOBAL_ACCENT_COLOR_NAME = AccentColor;
				CODE_SIGN_STYLE = Automatic;
				CURRENT_PROJECT_VERSION = 1;
				GENERATE_INFOPLIST_FILE = YES;
				INFOPLIST_FILE = PracticeRxSwift/Info.plist;
				INFOPLIST_KEY_UIApplicationSupportsIndirectInputEvents = YES;
				INFOPLIST_KEY_UILaunchStoryboardName = LaunchScreen;
				INFOPLIST_KEY_UISupportedInterfaceOrientations_iPad = "UIInterfaceOrientationPortrait UIInterfaceOrientationPortraitUpsideDown UIInterfaceOrientationLandscapeLeft UIInterfaceOrientationLandscapeRight";
				INFOPLIST_KEY_UISupportedInterfaceOrientations_iPhone = "UIInterfaceOrientationPortrait UIInterfaceOrientationLandscapeLeft UIInterfaceOrientationLandscapeRight";
				IPHONEOS_DEPLOYMENT_TARGET = 16.0;
				LD_RUNPATH_SEARCH_PATHS = (
					"$(inherited)",
					"@executable_path/Frameworks",
				);
				MARKETING_VERSION = 1.0;
				PRODUCT_BUNDLE_IDENTIFIER = jeongyun.PracticeRxSwift;
				PRODUCT_NAME = "$(TARGET_NAME)";
				SUPPORTED_PLATFORMS = "iphoneos iphonesimulator";
				SUPPORTS_MACCATALYST = NO;
				SUPPORTS_MAC_DESIGNED_FOR_IPHONE_IPAD = NO;
				SUPPORTS_XR_DESIGNED_FOR_IPHONE_IPAD = NO;
				SWIFT_EMIT_LOC_STRINGS = YES;
				SWIFT_VERSION = 5.0;
				TARGETED_DEVICE_FAMILY = 1;
			};
			name = Release;
		};
/* End XCBuildConfiguration section */

/* Begin XCConfigurationList section */
		E02F9D1B2C58D8C100FC256A /* Build configuration list for PBXProject "PracticeRxSwift" */ = {
			isa = XCConfigurationList;
			buildConfigurations = (
				E02F9D322C58D8C200FC256A /* Debug */,
				E02F9D332C58D8C200FC256A /* Release */,
			);
			defaultConfigurationIsVisible = 0;
			defaultConfigurationName = Release;
		};
		E02F9D342C58D8C200FC256A /* Build configuration list for PBXNativeTarget "PracticeRxSwift" */ = {
			isa = XCConfigurationList;
			buildConfigurations = (
				E02F9D352C58D8C200FC256A /* Debug */,
				E02F9D362C58D8C200FC256A /* Release */,
			);
			defaultConfigurationIsVisible = 0;
			defaultConfigurationName = Release;
		};
/* End XCConfigurationList section */

/* Begin XCRemoteSwiftPackageReference section */
		E02F9D372C58D94200FC256A /* XCRemoteSwiftPackageReference "SnapKit" */ = {
			isa = XCRemoteSwiftPackageReference;
			repositoryURL = "https://github.com/SnapKit/SnapKit";
			requirement = {
				kind = upToNextMajorVersion;
				minimumVersion = 5.7.1;
			};
		};
		E02F9D3A2C58D95000FC256A /* XCRemoteSwiftPackageReference "RxSwift" */ = {
			isa = XCRemoteSwiftPackageReference;
			repositoryURL = "https://github.com/ReactiveX/RxSwift.git";
			requirement = {
				kind = upToNextMajorVersion;
				minimumVersion = 6.7.1;
			};
		};
/* End XCRemoteSwiftPackageReference section */

/* Begin XCSwiftPackageProductDependency section */
		E02F9D382C58D94200FC256A /* SnapKit */ = {
			isa = XCSwiftPackageProductDependency;
			package = E02F9D372C58D94200FC256A /* XCRemoteSwiftPackageReference "SnapKit" */;
			productName = SnapKit;
		};
		E02F9D3B2C58D95000FC256A /* RxCocoa */ = {
			isa = XCSwiftPackageProductDependency;
			package = E02F9D3A2C58D95000FC256A /* XCRemoteSwiftPackageReference "RxSwift" */;
			productName = RxCocoa;
		};
		E02F9D3D2C58D95000FC256A /* RxSwift */ = {
			isa = XCSwiftPackageProductDependency;
			package = E02F9D3A2C58D95000FC256A /* XCRemoteSwiftPackageReference "RxSwift" */;
			productName = RxSwift;
		};
/* End XCSwiftPackageProductDependency section */
	};
	rootObject = E02F9D182C58D8C100FC256A /* Project object */;
}
