// !$*UTF8*$!
{
	archiveVersion = 1;
	classes = {
	};
	objectVersion = 56;
	objects = {

/* Begin PBXBuildFile section */
		E02F9D242C58D8C100FC256A /* AppDelegate.swift in Sources */ = {isa = PBXBuildFile; fileRef = E02F9D232C58D8C100FC256A /* AppDelegate.swift */; };
		E02F9D262C58D8C100FC256A /* SceneDelegate.swift in Sources */ = {isa = PBXBuildFile; fileRef = E02F9D252C58D8C100FC256A /* SceneDelegate.swift */; };
		E02F9D282C58D8C100FC256A /* BasicViewController.swift in Sources */ = {isa = PBXBuildFile; fileRef = E02F9D272C58D8C100FC256A /* BasicViewController.swift */; };
		E02F9D2D2C58D8C200FC256A /* Assets.xcassets in Resources */ = {isa = PBXBuildFile; fileRef = E02F9D2C2C58D8C200FC256A /* Assets.xcassets */; };
		E02F9D302C58D8C200FC256A /* Base in Resources */ = {isa = PBXBuildFile; fileRef = E02F9D2F2C58D8C200FC256A /* Base */; };
		E02F9D392C58D94200FC256A /* SnapKit in Frameworks */ = {isa = PBXBuildFile; productRef = E02F9D382C58D94200FC256A /* SnapKit */; };
		E02F9D3C2C58D95000FC256A /* RxCocoa in Frameworks */ = {isa = PBXBuildFile; productRef = E02F9D3B2C58D95000FC256A /* RxCocoa */; };
		E02F9D3E2C58D95000FC256A /* RxSwift in Frameworks */ = {isa = PBXBuildFile; productRef = E02F9D3D2C58D95000FC256A /* RxSwift */; };
		E02F9D402C58D99500FC256A /* BaseViewController.swift in Sources */ = {isa = PBXBuildFile; fileRef = E02F9D3F2C58D99500FC256A /* BaseViewController.swift */; };
		E02F9D422C58DD0300FC256A /* PickerViewController.swift in Sources */ = {isa = PBXBuildFile; fileRef = E02F9D412C58DD0300FC256A /* PickerViewController.swift */; };
		E02F9D442C58E16F00FC256A /* .gitignore in Resources */ = {isa = PBXBuildFile; fileRef = E02F9D432C58E16F00FC256A /* .gitignore */; };
		E02F9D4A2C58E1A300FC256A /* TableViewController.swift in Sources */ = {isa = PBXBuildFile; fileRef = E02F9D492C58E1A300FC256A /* TableViewController.swift */; };
		E02F9D4C2C59354700FC256A /* SwitchViewController.swift in Sources */ = {isa = PBXBuildFile; fileRef = E02F9D4B2C59354700FC256A /* SwitchViewController.swift */; };
		E02F9D4E2C59368C00FC256A /* TextFieldViewController.swift in Sources */ = {isa = PBXBuildFile; fileRef = E02F9D4D2C59368C00FC256A /* TextFieldViewController.swift */; };
		E05AF32C2C5D33CB008BB813 /* UIViewController + Extension.swift in Sources */ = {isa = PBXBuildFile; fileRef = E05AF32B2C5D33CB008BB813 /* UIViewController + Extension.swift */; };
		E08B3E982C5DF31200E7EB4D /* ShoppingViewController.swift in Sources */ = {isa = PBXBuildFile; fileRef = E08B3E972C5DF31200E7EB4D /* ShoppingViewController.swift */; };
		E08B3E9A2C5DF5F000E7EB4D /* Item.swift in Sources */ = {isa = PBXBuildFile; fileRef = E08B3E992C5DF5F000E7EB4D /* Item.swift */; };
		E08B3E9C2C5DF75400E7EB4D /* ShoppingTableViewCell.swift in Sources */ = {isa = PBXBuildFile; fileRef = E08B3E9B2C5DF75400E7EB4D /* ShoppingTableViewCell.swift */; };
		E08B3E9E2C5E028000E7EB4D /* ShoppingSearchViewController.swift in Sources */ = {isa = PBXBuildFile; fileRef = E08B3E9D2C5E028000E7EB4D /* ShoppingSearchViewController.swift */; };
		E08B3EA02C5E038D00E7EB4D /* ShoppingDetailViewController.swift in Sources */ = {isa = PBXBuildFile; fileRef = E08B3E9F2C5E038D00E7EB4D /* ShoppingDetailViewController.swift */; };
		E0E4B8B02C60B5A1003DA8C5 /* ShoppingViewModel.swift in Sources */ = {isa = PBXBuildFile; fileRef = E0E4B8AF2C60B5A1003DA8C5 /* ShoppingViewModel.swift */; };
		E0E4B8B32C60C2CE003DA8C5 /* SignUpViewModel.swift in Sources */ = {isa = PBXBuildFile; fileRef = E0E4B8B22C60C2CE003DA8C5 /* SignUpViewModel.swift */; };
		E0E4B8B52C60C69D003DA8C5 /* PasswordViewModel.swift in Sources */ = {isa = PBXBuildFile; fileRef = E0E4B8B42C60C69D003DA8C5 /* PasswordViewModel.swift */; };
		E0E4B8B92C60CAC4003DA8C5 /* BirthdayViewModel.swift in Sources */ = {isa = PBXBuildFile; fileRef = E0E4B8B82C60CAC4003DA8C5 /* BirthdayViewModel.swift */; };
		E0E4B8BB2C60D38D003DA8C5 /* NicknameViewModel.swift in Sources */ = {isa = PBXBuildFile; fileRef = E0E4B8BA2C60D38D003DA8C5 /* NicknameViewModel.swift */; };
		E0E4B8BD2C60D5F9003DA8C5 /* PhoneViewModel.swift in Sources */ = {isa = PBXBuildFile; fileRef = E0E4B8BC2C60D5F9003DA8C5 /* PhoneViewModel.swift */; };
		E0E4B8BF2C61A9A8003DA8C5 /* ShoppingSearchViewModel.swift in Sources */ = {isa = PBXBuildFile; fileRef = E0E4B8BE2C61A9A8003DA8C5 /* ShoppingSearchViewModel.swift */; };
		E0E4B8D42C635082003DA8C5 /* TagCollectionViewCell.swift in Sources */ = {isa = PBXBuildFile; fileRef = E0E4B8D32C635082003DA8C5 /* TagCollectionViewCell.swift */; };
		E0E50D032C5A05C400B789E2 /* AddNumberViewController.swift in Sources */ = {isa = PBXBuildFile; fileRef = E0E50D022C5A05C400B789E2 /* AddNumberViewController.swift */; };
		E0E50D062C5A0E2C00B789E2 /* ValidationViewController.swift in Sources */ = {isa = PBXBuildFile; fileRef = E0E50D052C5A0E2C00B789E2 /* ValidationViewController.swift */; };
		E0E50D082C5A723000B789E2 /* SimpleTableViewController.swift in Sources */ = {isa = PBXBuildFile; fileRef = E0E50D072C5A723000B789E2 /* SimpleTableViewController.swift */; };
		E0E50D0A2C5A758B00B789E2 /* SubjectViewController.swift in Sources */ = {isa = PBXBuildFile; fileRef = E0E50D092C5A758B00B789E2 /* SubjectViewController.swift */; };
		E0E50D0F2C5CABDF00B789E2 /* PointButton.swift in Sources */ = {isa = PBXBuildFile; fileRef = E0E50D0C2C5CABDF00B789E2 /* PointButton.swift */; };
		E0E50D102C5CABDF00B789E2 /* SignTextField.swift in Sources */ = {isa = PBXBuildFile; fileRef = E0E50D0D2C5CABDF00B789E2 /* SignTextField.swift */; };
		E0E50D142C5CABE600B789E2 /* PasswordViewController.swift in Sources */ = {isa = PBXBuildFile; fileRef = E0E50D112C5CABE600B789E2 /* PasswordViewController.swift */; };
		E0E50D152C5CABE600B789E2 /* SignUpViewController.swift in Sources */ = {isa = PBXBuildFile; fileRef = E0E50D122C5CABE600B789E2 /* SignUpViewController.swift */; };
		E0E50D192C5CABEC00B789E2 /* SignInViewController.swift in Sources */ = {isa = PBXBuildFile; fileRef = E0E50D162C5CABEC00B789E2 /* SignInViewController.swift */; };
		E0E50D1A2C5CABEC00B789E2 /* SignInViewModel.swift in Sources */ = {isa = PBXBuildFile; fileRef = E0E50D172C5CABEC00B789E2 /* SignInViewModel.swift */; };
		E0E50D1F2C5CABF500B789E2 /* BirthdayViewController.swift in Sources */ = {isa = PBXBuildFile; fileRef = E0E50D1B2C5CABF500B789E2 /* BirthdayViewController.swift */; };
		E0E50D202C5CABF500B789E2 /* NicknameViewController.swift in Sources */ = {isa = PBXBuildFile; fileRef = E0E50D1C2C5CABF500B789E2 /* NicknameViewController.swift */; };
		E0E50D212C5CABF500B789E2 /* PhoneViewController.swift in Sources */ = {isa = PBXBuildFile; fileRef = E0E50D1D2C5CABF500B789E2 /* PhoneViewController.swift */; };
		E0E50D262C5CABFC00B789E2 /* DetailViewController.swift in Sources */ = {isa = PBXBuildFile; fileRef = E0E50D222C5CABFC00B789E2 /* DetailViewController.swift */; };
		E0E50D272C5CABFC00B789E2 /* SearchTableViewCell.swift in Sources */ = {isa = PBXBuildFile; fileRef = E0E50D232C5CABFC00B789E2 /* SearchTableViewCell.swift */; };
		E0E50D282C5CABFC00B789E2 /* SearchViewController.swift in Sources */ = {isa = PBXBuildFile; fileRef = E0E50D242C5CABFC00B789E2 /* SearchViewController.swift */; };
		E0E50D2A2C5CAC4900B789E2 /* Resource.swift in Sources */ = {isa = PBXBuildFile; fileRef = E0E50D292C5CAC4900B789E2 /* Resource.swift */; };
		E0FC06BD2C64F36A00C8057F /* Movie.swift in Sources */ = {isa = PBXBuildFile; fileRef = E0FC06BC2C64F36A00C8057F /* Movie.swift */; };
		E0FC06C62C64F40400C8057F /* Alamofire in Frameworks */ = {isa = PBXBuildFile; productRef = E0FC06C52C64F40400C8057F /* Alamofire */; };
		E0FC06C82C64F4A200C8057F /* APIKey.swift in Sources */ = {isa = PBXBuildFile; fileRef = E0FC06C72C64F4A200C8057F /* APIKey.swift */; };
		E0FC06CA2C64F50B00C8057F /* MovieNetwork.swift in Sources */ = {isa = PBXBuildFile; fileRef = E0FC06C92C64F50B00C8057F /* MovieNetwork.swift */; };
		E0FC06CC2C64FC7800C8057F /* MovieViewController.swift in Sources */ = {isa = PBXBuildFile; fileRef = E0FC06CB2C64FC7800C8057F /* MovieViewController.swift */; };
		E0FC06CE2C64FEE100C8057F /* MovieViewModel.swift in Sources */ = {isa = PBXBuildFile; fileRef = E0FC06CD2C64FEE100C8057F /* MovieViewModel.swift */; };
		E0FC06D02C6505FC00C8057F /* ReusableIdentifier.swift in Sources */ = {isa = PBXBuildFile; fileRef = E0FC06CF2C6505FC00C8057F /* ReusableIdentifier.swift */; };
		E0FC06D22C65064800C8057F /* MovieTableViewCell.swift in Sources */ = {isa = PBXBuildFile; fileRef = E0FC06D12C65064800C8057F /* MovieTableViewCell.swift */; };
		E0FC072C2C68839C00C8057F /* URLRequestManager.swift in Sources */ = {isa = PBXBuildFile; fileRef = E0FC072B2C68839C00C8057F /* URLRequestManager.swift */; };
		E0FC07312C68843A00C8057F /* Search.swift in Sources */ = {isa = PBXBuildFile; fileRef = E0FC07302C68843A00C8057F /* Search.swift */; };
		E0FC07382C68862000C8057F /* TargetType.swift in Sources */ = {isa = PBXBuildFile; fileRef = E0FC07372C68862000C8057F /* TargetType.swift */; };
		E0FC073A2C68BDA600C8057F /* UnsplashNetwork.swift in Sources */ = {isa = PBXBuildFile; fileRef = E0FC07392C68BDA600C8057F /* UnsplashNetwork.swift */; };
		E0FC073C2C68BE2E00C8057F /* SearchResults.swift in Sources */ = {isa = PBXBuildFile; fileRef = E0FC073B2C68BE2E00C8057F /* SearchResults.swift */; };
		E0FC073E2C68BF8000C8057F /* PhotoViewController.swift in Sources */ = {isa = PBXBuildFile; fileRef = E0FC073D2C68BF8000C8057F /* PhotoViewController.swift */; };
		E0FC07412C68C52000C8057F /* PhotoViewModel.swift in Sources */ = {isa = PBXBuildFile; fileRef = E0FC07402C68C52000C8057F /* PhotoViewModel.swift */; };
		E0FC07432C68C99600C8057F /* PhotoCollectionViewCell.swift in Sources */ = {isa = PBXBuildFile; fileRef = E0FC07422C68C99600C8057F /* PhotoCollectionViewCell.swift */; };
		E0FC07462C68C9AB00C8057F /* Kingfisher in Frameworks */ = {isa = PBXBuildFile; productRef = E0FC07452C68C9AB00C8057F /* Kingfisher */; };
/* End PBXBuildFile section */

/* Begin PBXFileReference section */
		E02F9D202C58D8C100FC256A /* PracticeRxSwift.app */ = {isa = PBXFileReference; explicitFileType = wrapper.application; includeInIndex = 0; path = PracticeRxSwift.app; sourceTree = BUILT_PRODUCTS_DIR; };
		E02F9D232C58D8C100FC256A /* AppDelegate.swift */ = {isa = PBXFileReference; lastKnownFileType = sourcecode.swift; path = AppDelegate.swift; sourceTree = "<group>"; };
		E02F9D252C58D8C100FC256A /* SceneDelegate.swift */ = {isa = PBXFileReference; lastKnownFileType = sourcecode.swift; path = SceneDelegate.swift; sourceTree = "<group>"; };
		E02F9D272C58D8C100FC256A /* BasicViewController.swift */ = {isa = PBXFileReference; lastKnownFileType = sourcecode.swift; path = BasicViewController.swift; sourceTree = "<group>"; };
		E02F9D2C2C58D8C200FC256A /* Assets.xcassets */ = {isa = PBXFileReference; lastKnownFileType = folder.assetcatalog; path = Assets.xcassets; sourceTree = "<group>"; };
		E02F9D2F2C58D8C200FC256A /* Base */ = {isa = PBXFileReference; lastKnownFileType = file.storyboard; name = Base; path = Base.lproj/LaunchScreen.storyboard; sourceTree = "<group>"; };
		E02F9D312C58D8C200FC256A /* Info.plist */ = {isa = PBXFileReference; lastKnownFileType = text.plist.xml; path = Info.plist; sourceTree = "<group>"; };
		E02F9D3F2C58D99500FC256A /* BaseViewController.swift */ = {isa = PBXFileReference; lastKnownFileType = sourcecode.swift; path = BaseViewController.swift; sourceTree = "<group>"; };
		E02F9D412C58DD0300FC256A /* PickerViewController.swift */ = {isa = PBXFileReference; lastKnownFileType = sourcecode.swift; path = PickerViewController.swift; sourceTree = "<group>"; };
		E02F9D432C58E16F00FC256A /* .gitignore */ = {isa = PBXFileReference; lastKnownFileType = text; path = .gitignore; sourceTree = "<group>"; };
		E02F9D492C58E1A300FC256A /* TableViewController.swift */ = {isa = PBXFileReference; lastKnownFileType = sourcecode.swift; path = TableViewController.swift; sourceTree = "<group>"; };
		E02F9D4B2C59354700FC256A /* SwitchViewController.swift */ = {isa = PBXFileReference; lastKnownFileType = sourcecode.swift; path = SwitchViewController.swift; sourceTree = "<group>"; };
		E02F9D4D2C59368C00FC256A /* TextFieldViewController.swift */ = {isa = PBXFileReference; lastKnownFileType = sourcecode.swift; path = TextFieldViewController.swift; sourceTree = "<group>"; };
		E05AF32B2C5D33CB008BB813 /* UIViewController + Extension.swift */ = {isa = PBXFileReference; lastKnownFileType = sourcecode.swift; path = "UIViewController + Extension.swift"; sourceTree = "<group>"; };
		E08B3E972C5DF31200E7EB4D /* ShoppingViewController.swift */ = {isa = PBXFileReference; lastKnownFileType = sourcecode.swift; path = ShoppingViewController.swift; sourceTree = "<group>"; };
		E08B3E992C5DF5F000E7EB4D /* Item.swift */ = {isa = PBXFileReference; lastKnownFileType = sourcecode.swift; path = Item.swift; sourceTree = "<group>"; };
		E08B3E9B2C5DF75400E7EB4D /* ShoppingTableViewCell.swift */ = {isa = PBXFileReference; lastKnownFileType = sourcecode.swift; path = ShoppingTableViewCell.swift; sourceTree = "<group>"; };
		E08B3E9D2C5E028000E7EB4D /* ShoppingSearchViewController.swift */ = {isa = PBXFileReference; lastKnownFileType = sourcecode.swift; path = ShoppingSearchViewController.swift; sourceTree = "<group>"; };
		E08B3E9F2C5E038D00E7EB4D /* ShoppingDetailViewController.swift */ = {isa = PBXFileReference; lastKnownFileType = sourcecode.swift; path = ShoppingDetailViewController.swift; sourceTree = "<group>"; };
		E0E4B8AF2C60B5A1003DA8C5 /* ShoppingViewModel.swift */ = {isa = PBXFileReference; lastKnownFileType = sourcecode.swift; path = ShoppingViewModel.swift; sourceTree = "<group>"; };
		E0E4B8B22C60C2CE003DA8C5 /* SignUpViewModel.swift */ = {isa = PBXFileReference; lastKnownFileType = sourcecode.swift; path = SignUpViewModel.swift; sourceTree = "<group>"; };
		E0E4B8B42C60C69D003DA8C5 /* PasswordViewModel.swift */ = {isa = PBXFileReference; lastKnownFileType = sourcecode.swift; path = PasswordViewModel.swift; sourceTree = "<group>"; };
		E0E4B8B82C60CAC4003DA8C5 /* BirthdayViewModel.swift */ = {isa = PBXFileReference; lastKnownFileType = sourcecode.swift; path = BirthdayViewModel.swift; sourceTree = "<group>"; };
		E0E4B8BA2C60D38D003DA8C5 /* NicknameViewModel.swift */ = {isa = PBXFileReference; lastKnownFileType = sourcecode.swift; path = NicknameViewModel.swift; sourceTree = "<group>"; };
		E0E4B8BC2C60D5F9003DA8C5 /* PhoneViewModel.swift */ = {isa = PBXFileReference; lastKnownFileType = sourcecode.swift; path = PhoneViewModel.swift; sourceTree = "<group>"; };
		E0E4B8BE2C61A9A8003DA8C5 /* ShoppingSearchViewModel.swift */ = {isa = PBXFileReference; lastKnownFileType = sourcecode.swift; path = ShoppingSearchViewModel.swift; sourceTree = "<group>"; };
		E0E4B8D32C635082003DA8C5 /* TagCollectionViewCell.swift */ = {isa = PBXFileReference; lastKnownFileType = sourcecode.swift; path = TagCollectionViewCell.swift; sourceTree = "<group>"; };
		E0E50D022C5A05C400B789E2 /* AddNumberViewController.swift */ = {isa = PBXFileReference; lastKnownFileType = sourcecode.swift; path = AddNumberViewController.swift; sourceTree = "<group>"; };
		E0E50D052C5A0E2C00B789E2 /* ValidationViewController.swift */ = {isa = PBXFileReference; lastKnownFileType = sourcecode.swift; path = ValidationViewController.swift; sourceTree = "<group>"; };
		E0E50D072C5A723000B789E2 /* SimpleTableViewController.swift */ = {isa = PBXFileReference; lastKnownFileType = sourcecode.swift; path = SimpleTableViewController.swift; sourceTree = "<group>"; };
		E0E50D092C5A758B00B789E2 /* SubjectViewController.swift */ = {isa = PBXFileReference; lastKnownFileType = sourcecode.swift; path = SubjectViewController.swift; sourceTree = "<group>"; };
		E0E50D0C2C5CABDF00B789E2 /* PointButton.swift */ = {isa = PBXFileReference; fileEncoding = 4; lastKnownFileType = sourcecode.swift; path = PointButton.swift; sourceTree = "<group>"; };
		E0E50D0D2C5CABDF00B789E2 /* SignTextField.swift */ = {isa = PBXFileReference; fileEncoding = 4; lastKnownFileType = sourcecode.swift; path = SignTextField.swift; sourceTree = "<group>"; };
		E0E50D112C5CABE600B789E2 /* PasswordViewController.swift */ = {isa = PBXFileReference; fileEncoding = 4; lastKnownFileType = sourcecode.swift; path = PasswordViewController.swift; sourceTree = "<group>"; };
		E0E50D122C5CABE600B789E2 /* SignUpViewController.swift */ = {isa = PBXFileReference; fileEncoding = 4; lastKnownFileType = sourcecode.swift; path = SignUpViewController.swift; sourceTree = "<group>"; };
		E0E50D162C5CABEC00B789E2 /* SignInViewController.swift */ = {isa = PBXFileReference; fileEncoding = 4; lastKnownFileType = sourcecode.swift; path = SignInViewController.swift; sourceTree = "<group>"; };
		E0E50D172C5CABEC00B789E2 /* SignInViewModel.swift */ = {isa = PBXFileReference; fileEncoding = 4; lastKnownFileType = sourcecode.swift; path = SignInViewModel.swift; sourceTree = "<group>"; };
		E0E50D1B2C5CABF500B789E2 /* BirthdayViewController.swift */ = {isa = PBXFileReference; fileEncoding = 4; lastKnownFileType = sourcecode.swift; path = BirthdayViewController.swift; sourceTree = "<group>"; };
		E0E50D1C2C5CABF500B789E2 /* NicknameViewController.swift */ = {isa = PBXFileReference; fileEncoding = 4; lastKnownFileType = sourcecode.swift; path = NicknameViewController.swift; sourceTree = "<group>"; };
		E0E50D1D2C5CABF500B789E2 /* PhoneViewController.swift */ = {isa = PBXFileReference; fileEncoding = 4; lastKnownFileType = sourcecode.swift; path = PhoneViewController.swift; sourceTree = "<group>"; };
		E0E50D222C5CABFC00B789E2 /* DetailViewController.swift */ = {isa = PBXFileReference; fileEncoding = 4; lastKnownFileType = sourcecode.swift; path = DetailViewController.swift; sourceTree = "<group>"; };
		E0E50D232C5CABFC00B789E2 /* SearchTableViewCell.swift */ = {isa = PBXFileReference; fileEncoding = 4; lastKnownFileType = sourcecode.swift; path = SearchTableViewCell.swift; sourceTree = "<group>"; };
		E0E50D242C5CABFC00B789E2 /* SearchViewController.swift */ = {isa = PBXFileReference; fileEncoding = 4; lastKnownFileType = sourcecode.swift; path = SearchViewController.swift; sourceTree = "<group>"; };
		E0E50D292C5CAC4900B789E2 /* Resource.swift */ = {isa = PBXFileReference; fileEncoding = 4; lastKnownFileType = sourcecode.swift; path = Resource.swift; sourceTree = "<group>"; };
		E0FC06BC2C64F36A00C8057F /* Movie.swift */ = {isa = PBXFileReference; lastKnownFileType = sourcecode.swift; path = Movie.swift; sourceTree = "<group>"; };
		E0FC06C72C64F4A200C8057F /* APIKey.swift */ = {isa = PBXFileReference; lastKnownFileType = sourcecode.swift; path = APIKey.swift; sourceTree = "<group>"; };
		E0FC06C92C64F50B00C8057F /* MovieNetwork.swift */ = {isa = PBXFileReference; lastKnownFileType = sourcecode.swift; path = MovieNetwork.swift; sourceTree = "<group>"; };
		E0FC06CB2C64FC7800C8057F /* MovieViewController.swift */ = {isa = PBXFileReference; lastKnownFileType = sourcecode.swift; path = MovieViewController.swift; sourceTree = "<group>"; };
		E0FC06CD2C64FEE100C8057F /* MovieViewModel.swift */ = {isa = PBXFileReference; lastKnownFileType = sourcecode.swift; path = MovieViewModel.swift; sourceTree = "<group>"; };
		E0FC06CF2C6505FC00C8057F /* ReusableIdentifier.swift */ = {isa = PBXFileReference; lastKnownFileType = sourcecode.swift; path = ReusableIdentifier.swift; sourceTree = "<group>"; };
		E0FC06D12C65064800C8057F /* MovieTableViewCell.swift */ = {isa = PBXFileReference; lastKnownFileType = sourcecode.swift; path = MovieTableViewCell.swift; sourceTree = "<group>"; };
		E0FC072B2C68839C00C8057F /* URLRequestManager.swift */ = {isa = PBXFileReference; lastKnownFileType = sourcecode.swift; path = URLRequestManager.swift; sourceTree = "<group>"; };
		E0FC07302C68843A00C8057F /* Search.swift */ = {isa = PBXFileReference; lastKnownFileType = sourcecode.swift; path = Search.swift; sourceTree = "<group>"; };
		E0FC07372C68862000C8057F /* TargetType.swift */ = {isa = PBXFileReference; lastKnownFileType = sourcecode.swift; path = TargetType.swift; sourceTree = "<group>"; };
		E0FC07392C68BDA600C8057F /* UnsplashNetwork.swift */ = {isa = PBXFileReference; lastKnownFileType = sourcecode.swift; path = UnsplashNetwork.swift; sourceTree = "<group>"; };
		E0FC073B2C68BE2E00C8057F /* SearchResults.swift */ = {isa = PBXFileReference; lastKnownFileType = sourcecode.swift; path = SearchResults.swift; sourceTree = "<group>"; };
		E0FC073D2C68BF8000C8057F /* PhotoViewController.swift */ = {isa = PBXFileReference; lastKnownFileType = sourcecode.swift; path = PhotoViewController.swift; sourceTree = "<group>"; };
		E0FC07402C68C52000C8057F /* PhotoViewModel.swift */ = {isa = PBXFileReference; lastKnownFileType = sourcecode.swift; path = PhotoViewModel.swift; sourceTree = "<group>"; };
		E0FC07422C68C99600C8057F /* PhotoCollectionViewCell.swift */ = {isa = PBXFileReference; lastKnownFileType = sourcecode.swift; path = PhotoCollectionViewCell.swift; sourceTree = "<group>"; };
/* End PBXFileReference section */

/* Begin PBXFrameworksBuildPhase section */
		E02F9D1D2C58D8C100FC256A /* Frameworks */ = {
			isa = PBXFrameworksBuildPhase;
			buildActionMask = 2147483647;
			files = (
				E02F9D3E2C58D95000FC256A /* RxSwift in Frameworks */,
				E0FC06C62C64F40400C8057F /* Alamofire in Frameworks */,
				E02F9D3C2C58D95000FC256A /* RxCocoa in Frameworks */,
				E02F9D392C58D94200FC256A /* SnapKit in Frameworks */,
				E0FC07462C68C9AB00C8057F /* Kingfisher in Frameworks */,
			);
			runOnlyForDeploymentPostprocessing = 0;
		};
/* End PBXFrameworksBuildPhase section */

/* Begin PBXGroup section */
		E02F9D172C58D8C100FC256A = {
			isa = PBXGroup;
			children = (
				E02F9D432C58E16F00FC256A /* .gitignore */,
				E02F9D222C58D8C100FC256A /* PracticeRxSwift */,
				E02F9D212C58D8C100FC256A /* Products */,
			);
			sourceTree = "<group>";
		};
		E02F9D212C58D8C100FC256A /* Products */ = {
			isa = PBXGroup;
			children = (
				E02F9D202C58D8C100FC256A /* PracticeRxSwift.app */,
			);
			name = Products;
			sourceTree = "<group>";
		};
		E02F9D222C58D8C100FC256A /* PracticeRxSwift */ = {
			isa = PBXGroup;
			children = (
				E0FC072A2C68836200C8057F /* Unsplash */,
				E0FC06D32C650C4600C8057F /* Constant */,
				E0FC06BB2C64C6A200C8057F /* Movie */,
				E0E50D0E2C5CABDF00B789E2 /* CustomView */,
				E0E50D0B2C5CABD500B789E2 /* 0801~ */,
				E02F9D532C5A04CF00FC256A /* 0730 */,
				E02F9D542C5A04DE00FC256A /* 0731 */,
				E02F9D232C58D8C100FC256A /* AppDelegate.swift */,
				E02F9D252C58D8C100FC256A /* SceneDelegate.swift */,
				E02F9D2C2C58D8C200FC256A /* Assets.xcassets */,
				E02F9D2E2C58D8C200FC256A /* LaunchScreen.storyboard */,
				E02F9D312C58D8C200FC256A /* Info.plist */,
				E0FC06C72C64F4A200C8057F /* APIKey.swift */,
			);
			path = PracticeRxSwift;
			sourceTree = "<group>";
		};
		E02F9D532C5A04CF00FC256A /* 0730 */ = {
			isa = PBXGroup;
			children = (
				E02F9D4D2C59368C00FC256A /* TextFieldViewController.swift */,
				E02F9D4B2C59354700FC256A /* SwitchViewController.swift */,
				E02F9D272C58D8C100FC256A /* BasicViewController.swift */,
				E02F9D412C58DD0300FC256A /* PickerViewController.swift */,
				E02F9D492C58E1A300FC256A /* TableViewController.swift */,
			);
			path = 0730;
			sourceTree = "<group>";
		};
		E02F9D542C5A04DE00FC256A /* 0731 */ = {
			isa = PBXGroup;
			children = (
				E0E50D072C5A723000B789E2 /* SimpleTableViewController.swift */,
				E0E50D022C5A05C400B789E2 /* AddNumberViewController.swift */,
				E0E50D052C5A0E2C00B789E2 /* ValidationViewController.swift */,
				E0E50D092C5A758B00B789E2 /* SubjectViewController.swift */,
			);
			path = 0731;
			sourceTree = "<group>";
		};
		E08B3E962C5DF30A00E7EB4D /* Shopping */ = {
			isa = PBXGroup;
			children = (
				E0E4B8D62C6356D1003DA8C5 /* Model */,
				E0E4B8D52C6356C7003DA8C5 /* Cell */,
				E0E4B8AE2C60B594003DA8C5 /* ViewModel */,
				E08B3E972C5DF31200E7EB4D /* ShoppingViewController.swift */,
				E08B3E9D2C5E028000E7EB4D /* ShoppingSearchViewController.swift */,
				E08B3E9F2C5E038D00E7EB4D /* ShoppingDetailViewController.swift */,
			);
			path = Shopping;
			sourceTree = "<group>";
		};
		E0E4B8AE2C60B594003DA8C5 /* ViewModel */ = {
			isa = PBXGroup;
			children = (
				E0E4B8AF2C60B5A1003DA8C5 /* ShoppingViewModel.swift */,
				E0E4B8BE2C61A9A8003DA8C5 /* ShoppingSearchViewModel.swift */,
			);
			path = ViewModel;
			sourceTree = "<group>";
		};
		E0E4B8B12C60C2C5003DA8C5 /* ViewModel */ = {
			isa = PBXGroup;
			children = (
				E0E4B8B22C60C2CE003DA8C5 /* SignUpViewModel.swift */,
				E0E4B8B42C60C69D003DA8C5 /* PasswordViewModel.swift */,
			);
			path = ViewModel;
			sourceTree = "<group>";
		};
		E0E4B8B72C60CAB9003DA8C5 /* ViewModel */ = {
			isa = PBXGroup;
			children = (
				E0E4B8B82C60CAC4003DA8C5 /* BirthdayViewModel.swift */,
				E0E4B8BA2C60D38D003DA8C5 /* NicknameViewModel.swift */,
				E0E4B8BC2C60D5F9003DA8C5 /* PhoneViewModel.swift */,
			);
			path = ViewModel;
			sourceTree = "<group>";
		};
		E0E4B8D52C6356C7003DA8C5 /* Cell */ = {
			isa = PBXGroup;
			children = (
				E0E4B8D32C635082003DA8C5 /* TagCollectionViewCell.swift */,
				E08B3E9B2C5DF75400E7EB4D /* ShoppingTableViewCell.swift */,
			);
			path = Cell;
			sourceTree = "<group>";
		};
		E0E4B8D62C6356D1003DA8C5 /* Model */ = {
			isa = PBXGroup;
			children = (
				E08B3E992C5DF5F000E7EB4D /* Item.swift */,
			);
			path = Model;
			sourceTree = "<group>";
		};
		E0E50D0B2C5CABD500B789E2 /* 0801~ */ = {
			isa = PBXGroup;
			children = (
				E08B3E962C5DF30A00E7EB4D /* Shopping */,
				E0E50D132C5CABE600B789E2 /* SignUp */,
				E0E50D1E2C5CABF500B789E2 /* SignUpOptional */,
				E0E50D182C5CABEC00B789E2 /* SignIn */,
				E0E50D252C5CABFC00B789E2 /* Search */,
			);
			path = "0801~";
			sourceTree = "<group>";
		};
		E0E50D0E2C5CABDF00B789E2 /* CustomView */ = {
			isa = PBXGroup;
			children = (
				E0E50D0C2C5CABDF00B789E2 /* PointButton.swift */,
				E0E50D0D2C5CABDF00B789E2 /* SignTextField.swift */,
			);
			path = CustomView;
			sourceTree = "<group>";
		};
		E0E50D132C5CABE600B789E2 /* SignUp */ = {
			isa = PBXGroup;
			children = (
				E0E4B8B12C60C2C5003DA8C5 /* ViewModel */,
				E0E50D112C5CABE600B789E2 /* PasswordViewController.swift */,
				E0E50D122C5CABE600B789E2 /* SignUpViewController.swift */,
			);
			path = SignUp;
			sourceTree = "<group>";
		};
		E0E50D182C5CABEC00B789E2 /* SignIn */ = {
			isa = PBXGroup;
			children = (
				E0E50D162C5CABEC00B789E2 /* SignInViewController.swift */,
				E0E50D172C5CABEC00B789E2 /* SignInViewModel.swift */,
			);
			path = SignIn;
			sourceTree = "<group>";
		};
		E0E50D1E2C5CABF500B789E2 /* SignUpOptional */ = {
			isa = PBXGroup;
			children = (
				E0E4B8B72C60CAB9003DA8C5 /* ViewModel */,
				E0E50D1B2C5CABF500B789E2 /* BirthdayViewController.swift */,
				E0E50D1C2C5CABF500B789E2 /* NicknameViewController.swift */,
				E0E50D1D2C5CABF500B789E2 /* PhoneViewController.swift */,
			);
			path = SignUpOptional;
			sourceTree = "<group>";
		};
		E0E50D252C5CABFC00B789E2 /* Search */ = {
			isa = PBXGroup;
			children = (
				E0E50D222C5CABFC00B789E2 /* DetailViewController.swift */,
				E0E50D232C5CABFC00B789E2 /* SearchTableViewCell.swift */,
				E0E50D242C5CABFC00B789E2 /* SearchViewController.swift */,
			);
			path = Search;
			sourceTree = "<group>";
		};
		E0FC06BB2C64C6A200C8057F /* Movie */ = {
			isa = PBXGroup;
			children = (
				E0FC06BC2C64F36A00C8057F /* Movie.swift */,
				E0FC06C92C64F50B00C8057F /* MovieNetwork.swift */,
				E0FC06CB2C64FC7800C8057F /* MovieViewController.swift */,
				E0FC06CD2C64FEE100C8057F /* MovieViewModel.swift */,
				E0FC06D12C65064800C8057F /* MovieTableViewCell.swift */,
			);
			path = Movie;
			sourceTree = "<group>";
		};
		E0FC06D32C650C4600C8057F /* Constant */ = {
			isa = PBXGroup;
			children = (
				E0FC06CF2C6505FC00C8057F /* ReusableIdentifier.swift */,
				E05AF32B2C5D33CB008BB813 /* UIViewController + Extension.swift */,
				E02F9D3F2C58D99500FC256A /* BaseViewController.swift */,
				E0E50D292C5CAC4900B789E2 /* Resource.swift */,
			);
			path = Constant;
			sourceTree = "<group>";
		};
		E0FC072A2C68836200C8057F /* Unsplash */ = {
			isa = PBXGroup;
			children = (
				E0FC073D2C68BF8000C8057F /* PhotoViewController.swift */,
				E0FC07362C68861700C8057F /* Network */,
				E0FC07402C68C52000C8057F /* PhotoViewModel.swift */,
				E0FC07422C68C99600C8057F /* PhotoCollectionViewCell.swift */,
			);
			path = Unsplash;
			sourceTree = "<group>";
		};
		E0FC07362C68861700C8057F /* Network */ = {
			isa = PBXGroup;
			children = (
				E0FC073F2C68C1AF00C8057F /* Model */,
				E0FC072B2C68839C00C8057F /* URLRequestManager.swift */,
				E0FC07372C68862000C8057F /* TargetType.swift */,
				E0FC07392C68BDA600C8057F /* UnsplashNetwork.swift */,
				E0FC073B2C68BE2E00C8057F /* SearchResults.swift */,
			);
			path = Network;
			sourceTree = "<group>";
		};
		E0FC073F2C68C1AF00C8057F /* Model */ = {
			isa = PBXGroup;
			children = (
				E0FC07302C68843A00C8057F /* Search.swift */,
			);
			path = Model;
			sourceTree = "<group>";
		};
/* End PBXGroup section */

/* Begin PBXNativeTarget section */
		E02F9D1F2C58D8C100FC256A /* PracticeRxSwift */ = {
			isa = PBXNativeTarget;
			buildConfigurationList = E02F9D342C58D8C200FC256A /* Build configuration list for PBXNativeTarget "PracticeRxSwift" */;
			buildPhases = (
				E02F9D1C2C58D8C100FC256A /* Sources */,
				E02F9D1D2C58D8C100FC256A /* Frameworks */,
				E02F9D1E2C58D8C100FC256A /* Resources */,
			);
			buildRules = (
			);
			dependencies = (
			);
			name = PracticeRxSwift;
			packageProductDependencies = (
				E02F9D382C58D94200FC256A /* SnapKit */,
				E02F9D3B2C58D95000FC256A /* RxCocoa */,
				E02F9D3D2C58D95000FC256A /* RxSwift */,
				E0FC06C52C64F40400C8057F /* Alamofire */,
				E0FC07452C68C9AB00C8057F /* Kingfisher */,
			);
			productName = PracticeRxSwift;
			productReference = E02F9D202C58D8C100FC256A /* PracticeRxSwift.app */;
			productType = "com.apple.product-type.application";
		};
/* End PBXNativeTarget section */

/* Begin PBXProject section */
		E02F9D182C58D8C100FC256A /* Project object */ = {
			isa = PBXProject;
			attributes = {
				BuildIndependentTargetsInParallel = 1;
				LastSwiftUpdateCheck = 1530;
				LastUpgradeCheck = 1530;
				TargetAttributes = {
					E02F9D1F2C58D8C100FC256A = {
						CreatedOnToolsVersion = 15.3;
					};
				};
			};
			buildConfigurationList = E02F9D1B2C58D8C100FC256A /* Build configuration list for PBXProject "PracticeRxSwift" */;
			compatibilityVersion = "Xcode 14.0";
			developmentRegion = en;
			hasScannedForEncodings = 0;
			knownRegions = (
				en,
				Base,
			);
			mainGroup = E02F9D172C58D8C100FC256A;
			packageReferences = (
				E02F9D372C58D94200FC256A /* XCRemoteSwiftPackageReference "SnapKit" */,
				E02F9D3A2C58D95000FC256A /* XCRemoteSwiftPackageReference "RxSwift" */,
				E0FC06C42C64F40400C8057F /* XCRemoteSwiftPackageReference "Alamofire" */,
				E0FC07442C68C9AB00C8057F /* XCRemoteSwiftPackageReference "Kingfisher" */,
			);
			productRefGroup = E02F9D212C58D8C100FC256A /* Products */;
			projectDirPath = "";
			projectRoot = "";
			targets = (
				E02F9D1F2C58D8C100FC256A /* PracticeRxSwift */,
			);
		};
/* End PBXProject section */

/* Begin PBXResourcesBuildPhase section */
		E02F9D1E2C58D8C100FC256A /* Resources */ = {
			isa = PBXResourcesBuildPhase;
			buildActionMask = 2147483647;
			files = (
				E02F9D2D2C58D8C200FC256A /* Assets.xcassets in Resources */,
				E02F9D442C58E16F00FC256A /* .gitignore in Resources */,
				E02F9D302C58D8C200FC256A /* Base in Resources */,
			);
			runOnlyForDeploymentPostprocessing = 0;
		};
/* End PBXResourcesBuildPhase section */

/* Begin PBXSourcesBuildPhase section */
		E02F9D1C2C58D8C100FC256A /* Sources */ = {
			isa = PBXSourcesBuildPhase;
			buildActionMask = 2147483647;
			files = (
				E0E50D102C5CABDF00B789E2 /* SignTextField.swift in Sources */,
				E0FC072C2C68839C00C8057F /* URLRequestManager.swift in Sources */,
				E08B3E9C2C5DF75400E7EB4D /* ShoppingTableViewCell.swift in Sources */,
				E08B3E982C5DF31200E7EB4D /* ShoppingViewController.swift in Sources */,
				E0FC06C82C64F4A200C8057F /* APIKey.swift in Sources */,
				E02F9D4E2C59368C00FC256A /* TextFieldViewController.swift in Sources */,
				E0E50D0A2C5A758B00B789E2 /* SubjectViewController.swift in Sources */,
				E08B3E9A2C5DF5F000E7EB4D /* Item.swift in Sources */,
				E0E4B8B02C60B5A1003DA8C5 /* ShoppingViewModel.swift in Sources */,
				E02F9D422C58DD0300FC256A /* PickerViewController.swift in Sources */,
				E0E50D082C5A723000B789E2 /* SimpleTableViewController.swift in Sources */,
				E0E50D032C5A05C400B789E2 /* AddNumberViewController.swift in Sources */,
				E08B3EA02C5E038D00E7EB4D /* ShoppingDetailViewController.swift in Sources */,
				E0E50D212C5CABF500B789E2 /* PhoneViewController.swift in Sources */,
				E0FC06CC2C64FC7800C8057F /* MovieViewController.swift in Sources */,
				E02F9D4A2C58E1A300FC256A /* TableViewController.swift in Sources */,
				E0E50D272C5CABFC00B789E2 /* SearchTableViewCell.swift in Sources */,
				E0FC06BD2C64F36A00C8057F /* Movie.swift in Sources */,
				E0E50D192C5CABEC00B789E2 /* SignInViewController.swift in Sources */,
				E0E50D1F2C5CABF500B789E2 /* BirthdayViewController.swift in Sources */,
				E0FC06D02C6505FC00C8057F /* ReusableIdentifier.swift in Sources */,
				E0FC06CE2C64FEE100C8057F /* MovieViewModel.swift in Sources */,
				E02F9D282C58D8C100FC256A /* BasicViewController.swift in Sources */,
				E0FC073A2C68BDA600C8057F /* UnsplashNetwork.swift in Sources */,
				E0FC06D22C65064800C8057F /* MovieTableViewCell.swift in Sources */,
				E0E50D262C5CABFC00B789E2 /* DetailViewController.swift in Sources */,
				E08B3E9E2C5E028000E7EB4D /* ShoppingSearchViewController.swift in Sources */,
				E0FC07382C68862000C8057F /* TargetType.swift in Sources */,
				E0FC06CA2C64F50B00C8057F /* MovieNetwork.swift in Sources */,
				E0E4B8B92C60CAC4003DA8C5 /* BirthdayViewModel.swift in Sources */,
				E0E4B8BB2C60D38D003DA8C5 /* NicknameViewModel.swift in Sources */,
				E02F9D402C58D99500FC256A /* BaseViewController.swift in Sources */,
				E02F9D242C58D8C100FC256A /* AppDelegate.swift in Sources */,
				E0E50D152C5CABE600B789E2 /* SignUpViewController.swift in Sources */,
				E0E4B8BD2C60D5F9003DA8C5 /* PhoneViewModel.swift in Sources */,
				E02F9D262C58D8C100FC256A /* SceneDelegate.swift in Sources */,
				E0FC07412C68C52000C8057F /* PhotoViewModel.swift in Sources */,
				E0E4B8BF2C61A9A8003DA8C5 /* ShoppingSearchViewModel.swift in Sources */,
				E0E50D142C5CABE600B789E2 /* PasswordViewController.swift in Sources */,
				E0E50D2A2C5CAC4900B789E2 /* Resource.swift in Sources */,
				E0E50D282C5CABFC00B789E2 /* SearchViewController.swift in Sources */,
				E0FC07432C68C99600C8057F /* PhotoCollectionViewCell.swift in Sources */,
				E0E4B8D42C635082003DA8C5 /* TagCollectionViewCell.swift in Sources */,
				E0E50D1A2C5CABEC00B789E2 /* SignInViewModel.swift in Sources */,
				E0FC07312C68843A00C8057F /* Search.swift in Sources */,
				E0E50D202C5CABF500B789E2 /* NicknameViewController.swift in Sources */,
				E02F9D4C2C59354700FC256A /* SwitchViewController.swift in Sources */,
				E0E50D062C5A0E2C00B789E2 /* ValidationViewController.swift in Sources */,
				E05AF32C2C5D33CB008BB813 /* UIViewController + Extension.swift in Sources */,
				E0E4B8B52C60C69D003DA8C5 /* PasswordViewModel.swift in Sources */,
				E0E4B8B32C60C2CE003DA8C5 /* SignUpViewModel.swift in Sources */,
				E0FC073C2C68BE2E00C8057F /* SearchResults.swift in Sources */,
				E0E50D0F2C5CABDF00B789E2 /* PointButton.swift in Sources */,
				E0FC073E2C68BF8000C8057F /* PhotoViewController.swift in Sources */,
			);
			runOnlyForDeploymentPostprocessing = 0;
		};
/* End PBXSourcesBuildPhase section */

/* Begin PBXVariantGroup section */
		E02F9D2E2C58D8C200FC256A /* LaunchScreen.storyboard */ = {
			isa = PBXVariantGroup;
			children = (
				E02F9D2F2C58D8C200FC256A /* Base */,
			);
			name = LaunchScreen.storyboard;
			sourceTree = "<group>";
		};
/* End PBXVariantGroup section */

/* Begin XCBuildConfiguration section */
		E02F9D322C58D8C200FC256A /* Debug */ = {
			isa = XCBuildConfiguration;
			buildSettings = {
				ALWAYS_SEARCH_USER_PATHS = NO;
				ASSETCATALOG_COMPILER_GENERATE_SWIFT_ASSET_SYMBOL_EXTENSIONS = YES;
				CLANG_ANALYZER_NONNULL = YES;
				CLANG_ANALYZER_NUMBER_OBJECT_CONVERSION = YES_AGGRESSIVE;
				CLANG_CXX_LANGUAGE_STANDARD = "gnu++20";
				CLANG_ENABLE_MODULES = YES;
				CLANG_ENABLE_OBJC_ARC = YES;
				CLANG_ENABLE_OBJC_WEAK = YES;
				CLANG_WARN_BLOCK_CAPTURE_AUTORELEASING = YES;
				CLANG_WARN_BOOL_CONVERSION = YES;
				CLANG_WARN_COMMA = YES;
				CLANG_WARN_CONSTANT_CONVERSION = YES;
				CLANG_WARN_DEPRECATED_OBJC_IMPLEMENTATIONS = YES;
				CLANG_WARN_DIRECT_OBJC_ISA_USAGE = YES_ERROR;
				CLANG_WARN_DOCUMENTATION_COMMENTS = YES;
				CLANG_WARN_EMPTY_BODY = YES;
				CLANG_WARN_ENUM_CONVERSION = YES;
				CLANG_WARN_INFINITE_RECURSION = YES;
				CLANG_WARN_INT_CONVERSION = YES;
				CLANG_WARN_NON_LITERAL_NULL_CONVERSION = YES;
				CLANG_WARN_OBJC_IMPLICIT_RETAIN_SELF = YES;
				CLANG_WARN_OBJC_LITERAL_CONVERSION = YES;
				CLANG_WARN_OBJC_ROOT_CLASS = YES_ERROR;
				CLANG_WARN_QUOTED_INCLUDE_IN_FRAMEWORK_HEADER = YES;
				CLANG_WARN_RANGE_LOOP_ANALYSIS = YES;
				CLANG_WARN_STRICT_PROTOTYPES = YES;
				CLANG_WARN_SUSPICIOUS_MOVE = YES;
				CLANG_WARN_UNGUARDED_AVAILABILITY = YES_AGGRESSIVE;
				CLANG_WARN_UNREACHABLE_CODE = YES;
				CLANG_WARN__DUPLICATE_METHOD_MATCH = YES;
				COPY_PHASE_STRIP = NO;
				DEBUG_INFORMATION_FORMAT = dwarf;
				ENABLE_STRICT_OBJC_MSGSEND = YES;
				ENABLE_TESTABILITY = YES;
				ENABLE_USER_SCRIPT_SANDBOXING = YES;
				GCC_C_LANGUAGE_STANDARD = gnu17;
				GCC_DYNAMIC_NO_PIC = NO;
				GCC_NO_COMMON_BLOCKS = YES;
				GCC_OPTIMIZATION_LEVEL = 0;
				GCC_PREPROCESSOR_DEFINITIONS = (
					"DEBUG=1",
					"$(inherited)",
				);
				GCC_WARN_64_TO_32_BIT_CONVERSION = YES;
				GCC_WARN_ABOUT_RETURN_TYPE = YES_ERROR;
				GCC_WARN_UNDECLARED_SELECTOR = YES;
				GCC_WARN_UNINITIALIZED_AUTOS = YES_AGGRESSIVE;
				GCC_WARN_UNUSED_FUNCTION = YES;
				GCC_WARN_UNUSED_VARIABLE = YES;
				IPHONEOS_DEPLOYMENT_TARGET = 17.4;
				LOCALIZATION_PREFERS_STRING_CATALOGS = YES;
				MTL_ENABLE_DEBUG_INFO = INCLUDE_SOURCE;
				MTL_FAST_MATH = YES;
				ONLY_ACTIVE_ARCH = YES;
				SDKROOT = iphoneos;
				SWIFT_ACTIVE_COMPILATION_CONDITIONS = "DEBUG $(inherited)";
				SWIFT_OPTIMIZATION_LEVEL = "-Onone";
			};
			name = Debug;
		};
		E02F9D332C58D8C200FC256A /* Release */ = {
			isa = XCBuildConfiguration;
			buildSettings = {
				ALWAYS_SEARCH_USER_PATHS = NO;
				ASSETCATALOG_COMPILER_GENERATE_SWIFT_ASSET_SYMBOL_EXTENSIONS = YES;
				CLANG_ANALYZER_NONNULL = YES;
				CLANG_ANALYZER_NUMBER_OBJECT_CONVERSION = YES_AGGRESSIVE;
				CLANG_CXX_LANGUAGE_STANDARD = "gnu++20";
				CLANG_ENABLE_MODULES = YES;
				CLANG_ENABLE_OBJC_ARC = YES;
				CLANG_ENABLE_OBJC_WEAK = YES;
				CLANG_WARN_BLOCK_CAPTURE_AUTORELEASING = YES;
				CLANG_WARN_BOOL_CONVERSION = YES;
				CLANG_WARN_COMMA = YES;
				CLANG_WARN_CONSTANT_CONVERSION = YES;
				CLANG_WARN_DEPRECATED_OBJC_IMPLEMENTATIONS = YES;
				CLANG_WARN_DIRECT_OBJC_ISA_USAGE = YES_ERROR;
				CLANG_WARN_DOCUMENTATION_COMMENTS = YES;
				CLANG_WARN_EMPTY_BODY = YES;
				CLANG_WARN_ENUM_CONVERSION = YES;
				CLANG_WARN_INFINITE_RECURSION = YES;
				CLANG_WARN_INT_CONVERSION = YES;
				CLANG_WARN_NON_LITERAL_NULL_CONVERSION = YES;
				CLANG_WARN_OBJC_IMPLICIT_RETAIN_SELF = YES;
				CLANG_WARN_OBJC_LITERAL_CONVERSION = YES;
				CLANG_WARN_OBJC_ROOT_CLASS = YES_ERROR;
				CLANG_WARN_QUOTED_INCLUDE_IN_FRAMEWORK_HEADER = YES;
				CLANG_WARN_RANGE_LOOP_ANALYSIS = YES;
				CLANG_WARN_STRICT_PROTOTYPES = YES;
				CLANG_WARN_SUSPICIOUS_MOVE = YES;
				CLANG_WARN_UNGUARDED_AVAILABILITY = YES_AGGRESSIVE;
				CLANG_WARN_UNREACHABLE_CODE = YES;
				CLANG_WARN__DUPLICATE_METHOD_MATCH = YES;
				COPY_PHASE_STRIP = NO;
				DEBUG_INFORMATION_FORMAT = "dwarf-with-dsym";
				ENABLE_NS_ASSERTIONS = NO;
				ENABLE_STRICT_OBJC_MSGSEND = YES;
				ENABLE_USER_SCRIPT_SANDBOXING = YES;
				GCC_C_LANGUAGE_STANDARD = gnu17;
				GCC_NO_COMMON_BLOCKS = YES;
				GCC_WARN_64_TO_32_BIT_CONVERSION = YES;
				GCC_WARN_ABOUT_RETURN_TYPE = YES_ERROR;
				GCC_WARN_UNDECLARED_SELECTOR = YES;
				GCC_WARN_UNINITIALIZED_AUTOS = YES_AGGRESSIVE;
				GCC_WARN_UNUSED_FUNCTION = YES;
				GCC_WARN_UNUSED_VARIABLE = YES;
				IPHONEOS_DEPLOYMENT_TARGET = 17.4;
				LOCALIZATION_PREFERS_STRING_CATALOGS = YES;
				MTL_ENABLE_DEBUG_INFO = NO;
				MTL_FAST_MATH = YES;
				SDKROOT = iphoneos;
				SWIFT_COMPILATION_MODE = wholemodule;
				VALIDATE_PRODUCT = YES;
			};
			name = Release;
		};
		E02F9D352C58D8C200FC256A /* Debug */ = {
			isa = XCBuildConfiguration;
			buildSettings = {
				ASSETCATALOG_COMPILER_APPICON_NAME = AppIcon;
				ASSETCATALOG_COMPILER_GLOBAL_ACCENT_COLOR_NAME = AccentColor;
				CODE_SIGN_STYLE = Automatic;
				CURRENT_PROJECT_VERSION = 1;
				GENERATE_INFOPLIST_FILE = YES;
				INFOPLIST_FILE = PracticeRxSwift/Info.plist;
				INFOPLIST_KEY_UIApplicationSupportsIndirectInputEvents = YES;
				INFOPLIST_KEY_UILaunchStoryboardName = LaunchScreen;
				INFOPLIST_KEY_UISupportedInterfaceOrientations_iPad = "UIInterfaceOrientationPortrait UIInterfaceOrientationPortraitUpsideDown UIInterfaceOrientationLandscapeLeft UIInterfaceOrientationLandscapeRight";
				INFOPLIST_KEY_UISupportedInterfaceOrientations_iPhone = "UIInterfaceOrientationPortrait UIInterfaceOrientationLandscapeLeft UIInterfaceOrientationLandscapeRight";
				IPHONEOS_DEPLOYMENT_TARGET = 16.0;
				LD_RUNPATH_SEARCH_PATHS = (
					"$(inherited)",
					"@executable_path/Frameworks",
				);
				MARKETING_VERSION = 1.0;
				PRODUCT_BUNDLE_IDENTIFIER = jeongyun.PracticeRxSwift;
				PRODUCT_NAME = "$(TARGET_NAME)";
				SUPPORTED_PLATFORMS = "iphoneos iphonesimulator";
				SUPPORTS_MACCATALYST = NO;
				SUPPORTS_MAC_DESIGNED_FOR_IPHONE_IPAD = NO;
				SUPPORTS_XR_DESIGNED_FOR_IPHONE_IPAD = NO;
				SWIFT_EMIT_LOC_STRINGS = YES;
				SWIFT_VERSION = 5.0;
				TARGETED_DEVICE_FAMILY = 1;
			};
			name = Debug;
		};
		E02F9D362C58D8C200FC256A /* Release */ = {
			isa = XCBuildConfiguration;
			buildSettings = {
				ASSETCATALOG_COMPILER_APPICON_NAME = AppIcon;
				ASSETCATALOG_COMPILER_GLOBAL_ACCENT_COLOR_NAME = AccentColor;
				CODE_SIGN_STYLE = Automatic;
				CURRENT_PROJECT_VERSION = 1;
				GENERATE_INFOPLIST_FILE = YES;
				INFOPLIST_FILE = PracticeRxSwift/Info.plist;
				INFOPLIST_KEY_UIApplicationSupportsIndirectInputEvents = YES;
				INFOPLIST_KEY_UILaunchStoryboardName = LaunchScreen;
				INFOPLIST_KEY_UISupportedInterfaceOrientations_iPad = "UIInterfaceOrientationPortrait UIInterfaceOrientationPortraitUpsideDown UIInterfaceOrientationLandscapeLeft UIInterfaceOrientationLandscapeRight";
				INFOPLIST_KEY_UISupportedInterfaceOrientations_iPhone = "UIInterfaceOrientationPortrait UIInterfaceOrientationLandscapeLeft UIInterfaceOrientationLandscapeRight";
				IPHONEOS_DEPLOYMENT_TARGET = 16.0;
				LD_RUNPATH_SEARCH_PATHS = (
					"$(inherited)",
					"@executable_path/Frameworks",
				);
				MARKETING_VERSION = 1.0;
				PRODUCT_BUNDLE_IDENTIFIER = jeongyun.PracticeRxSwift;
				PRODUCT_NAME = "$(TARGET_NAME)";
				SUPPORTED_PLATFORMS = "iphoneos iphonesimulator";
				SUPPORTS_MACCATALYST = NO;
				SUPPORTS_MAC_DESIGNED_FOR_IPHONE_IPAD = NO;
				SUPPORTS_XR_DESIGNED_FOR_IPHONE_IPAD = NO;
				SWIFT_EMIT_LOC_STRINGS = YES;
				SWIFT_VERSION = 5.0;
				TARGETED_DEVICE_FAMILY = 1;
			};
			name = Release;
		};
/* End XCBuildConfiguration section */

/* Begin XCConfigurationList section */
		E02F9D1B2C58D8C100FC256A /* Build configuration list for PBXProject "PracticeRxSwift" */ = {
			isa = XCConfigurationList;
			buildConfigurations = (
				E02F9D322C58D8C200FC256A /* Debug */,
				E02F9D332C58D8C200FC256A /* Release */,
			);
			defaultConfigurationIsVisible = 0;
			defaultConfigurationName = Release;
		};
		E02F9D342C58D8C200FC256A /* Build configuration list for PBXNativeTarget "PracticeRxSwift" */ = {
			isa = XCConfigurationList;
			buildConfigurations = (
				E02F9D352C58D8C200FC256A /* Debug */,
				E02F9D362C58D8C200FC256A /* Release */,
			);
			defaultConfigurationIsVisible = 0;
			defaultConfigurationName = Release;
		};
/* End XCConfigurationList section */

/* Begin XCRemoteSwiftPackageReference section */
		E02F9D372C58D94200FC256A /* XCRemoteSwiftPackageReference "SnapKit" */ = {
			isa = XCRemoteSwiftPackageReference;
			repositoryURL = "https://github.com/SnapKit/SnapKit";
			requirement = {
				kind = upToNextMajorVersion;
				minimumVersion = 5.7.1;
			};
		};
		E02F9D3A2C58D95000FC256A /* XCRemoteSwiftPackageReference "RxSwift" */ = {
			isa = XCRemoteSwiftPackageReference;
			repositoryURL = "https://github.com/ReactiveX/RxSwift.git";
			requirement = {
				kind = upToNextMajorVersion;
				minimumVersion = 6.7.1;
			};
		};
		E0FC06C42C64F40400C8057F /* XCRemoteSwiftPackageReference "Alamofire" */ = {
			isa = XCRemoteSwiftPackageReference;
			repositoryURL = "https://github.com/Alamofire/Alamofire";
			requirement = {
				kind = upToNextMajorVersion;
				minimumVersion = 5.9.1;
			};
		};
		E0FC07442C68C9AB00C8057F /* XCRemoteSwiftPackageReference "Kingfisher" */ = {
			isa = XCRemoteSwiftPackageReference;
			repositoryURL = "https://github.com/onevcat/Kingfisher.git";
			requirement = {
				kind = upToNextMajorVersion;
				minimumVersion = 7.12.0;
			};
		};
/* End XCRemoteSwiftPackageReference section */

/* Begin XCSwiftPackageProductDependency section */
		E02F9D382C58D94200FC256A /* SnapKit */ = {
			isa = XCSwiftPackageProductDependency;
			package = E02F9D372C58D94200FC256A /* XCRemoteSwiftPackageReference "SnapKit" */;
			productName = SnapKit;
		};
		E02F9D3B2C58D95000FC256A /* RxCocoa */ = {
			isa = XCSwiftPackageProductDependency;
			package = E02F9D3A2C58D95000FC256A /* XCRemoteSwiftPackageReference "RxSwift" */;
			productName = RxCocoa;
		};
		E02F9D3D2C58D95000FC256A /* RxSwift */ = {
			isa = XCSwiftPackageProductDependency;
			package = E02F9D3A2C58D95000FC256A /* XCRemoteSwiftPackageReference "RxSwift" */;
			productName = RxSwift;
		};
		E0FC06C52C64F40400C8057F /* Alamofire */ = {
			isa = XCSwiftPackageProductDependency;
			package = E0FC06C42C64F40400C8057F /* XCRemoteSwiftPackageReference "Alamofire" */;
			productName = Alamofire;
		};
		E0FC07452C68C9AB00C8057F /* Kingfisher */ = {
			isa = XCSwiftPackageProductDependency;
			package = E0FC07442C68C9AB00C8057F /* XCRemoteSwiftPackageReference "Kingfisher" */;
			productName = Kingfisher;
		};
/* End XCSwiftPackageProductDependency section */
	};
	rootObject = E02F9D182C58D8C100FC256A /* Project object */;
}
